
Microsoft Visual Studio Solution File, Format Version 12.00
# Visual Studio 2013
VisualStudioVersion = 12.0.31101.0
MinimumVisualStudioVersion = 10.0.40219.1
Project("{F088123C-0E9E-452A-89E6-6BA2F21D5CAC}") = "ApplicationArchitecture", "ApplicationArchitecture\ApplicationArchitecture.modelproj", "{33167B99-3CB8-4892-8A89-C291DD88E47B}"
EndProject
Project("{FAE04EC0-301F-11D3-BF4B-00C04F79EFBC}") = "ModuleManager.Web", "ModuleManager.Web\ModuleManager.Web.csproj", "{A8AD9299-BD13-419A-8843-22F798FA1A00}"
	ProjectSection(ProjectDependencies) = postProject
		{AC5D926E-DE8A-41A5-AED4-8E60DFFA7B1D} = {AC5D926E-DE8A-41A5-AED4-8E60DFFA7B1D}
	EndProjectSection
EndProject
Project("{FAE04EC0-301F-11D3-BF4B-00C04F79EFBC}") = "ModuleManager.DomainDAL", "ModuleManager.DomainDAL\ModuleManager.DomainDAL.csproj", "{AC5D926E-DE8A-41A5-AED4-8E60DFFA7B1D}"
EndProject
Project("{FAE04EC0-301F-11D3-BF4B-00C04F79EFBC}") = "ModuleManager.LoggingDAL", "ModuleManager.LoggingDAL\ModuleManager.LoggingDAL.csproj", "{3876C338-AB98-463E-92C4-45494A7C13CB}"
EndProject
Project("{FAE04EC0-301F-11D3-BF4B-00C04F79EFBC}") = "ModuleManager.UserDAL", "ModuleManager.UserDAL\ModuleManager.UserDAL.csproj", "{0B13BFE6-AED5-49DC-85B6-B8EA460048A0}"
EndProject
Project("{FAE04EC0-301F-11D3-BF4B-00C04F79EFBC}") = "ModuleManager.BusinessLogic", "ModuleManager.BusinessLogic\ModuleManager.BusinessLogic.csproj", "{89C16482-39D4-4861-928D-D59A7DB808E9}"
EndProject
Project("{FAE04EC0-301F-11D3-BF4B-00C04F79EFBC}") = "ModuleManager.LoggingSysteem", "ModuleManager.LoggingSysteem\ModuleManager.LoggingSysteem.csproj", "{BC407B28-8305-43A9-B2E4-7EFC912AD51E}"
EndProject
Project("{FAE04EC0-301F-11D3-BF4B-00C04F79EFBC}") = "ModuleManager.WebTests", "ModuleManager.WebTests\ModuleManager.WebTests.csproj", "{E1D35D32-BA2F-4E18-8A75-DCA6E6677EEE}"
EndProject
Project("{FAE04EC0-301F-11D3-BF4B-00C04F79EFBC}") = "ModuleManager.BusinessLogicTests", "ModuleManager.BusinessLogicTests\ModuleManager.BusinessLogicTests.csproj", "{A8315B83-C3A3-4296-907D-17A79F7B29ED}"
EndProject
Project("{FAE04EC0-301F-11D3-BF4B-00C04F79EFBC}") = "ModuleManager.LoggingSysteemTests", "ModuleManager.LoggingSysteemTests\ModuleManager.LoggingSysteemTests.csproj", "{D5A31E6D-EC7D-429B-8F98-943176C05ACF}"
EndProject
Project("{2150E333-8FDC-42A3-9474-1A3956D46DE8}") = ".nuget", ".nuget", "{02884BCC-A3DA-433B-B76D-72042B2ECEC6}"
	ProjectSection(SolutionItems) = preProject
		.nuget\NuGet.Config = .nuget\NuGet.Config
		.nuget\NuGet.exe = .nuget\NuGet.exe
		.nuget\NuGet.targets = .nuget\NuGet.targets
	EndProjectSection
EndProject
Global
	GlobalSection(SolutionConfigurationPlatforms) = preSolution
		Debug|Any CPU = Debug|Any CPU
		Release|Any CPU = Release|Any CPU
	EndGlobalSection
	GlobalSection(ProjectConfigurationPlatforms) = postSolution
		{33167B99-3CB8-4892-8A89-C291DD88E47B}.Debug|Any CPU.ActiveCfg = Debug|Any CPU
		{33167B99-3CB8-4892-8A89-C291DD88E47B}.Debug|Any CPU.Build.0 = Debug|Any CPU
		{33167B99-3CB8-4892-8A89-C291DD88E47B}.Release|Any CPU.ActiveCfg = Release|Any CPU
		{33167B99-3CB8-4892-8A89-C291DD88E47B}.Release|Any CPU.Build.0 = Release|Any CPU
		{A8AD9299-BD13-419A-8843-22F798FA1A00}.Debug|Any CPU.ActiveCfg = Debug|Any CPU
		{A8AD9299-BD13-419A-8843-22F798FA1A00}.Debug|Any CPU.Build.0 = Debug|Any CPU
		{A8AD9299-BD13-419A-8843-22F798FA1A00}.Release|Any CPU.ActiveCfg = Release|Any CPU
		{A8AD9299-BD13-419A-8843-22F798FA1A00}.Release|Any CPU.Build.0 = Release|Any CPU
		{AC5D926E-DE8A-41A5-AED4-8E60DFFA7B1D}.Debug|Any CPU.ActiveCfg = Debug|Any CPU
		{AC5D926E-DE8A-41A5-AED4-8E60DFFA7B1D}.Debug|Any CPU.Build.0 = Debug|Any CPU
		{AC5D926E-DE8A-41A5-AED4-8E60DFFA7B1D}.Release|Any CPU.ActiveCfg = Release|Any CPU
		{AC5D926E-DE8A-41A5-AED4-8E60DFFA7B1D}.Release|Any CPU.Build.0 = Release|Any CPU
		{3876C338-AB98-463E-92C4-45494A7C13CB}.Debug|Any CPU.ActiveCfg = Debug|Any CPU
		{3876C338-AB98-463E-92C4-45494A7C13CB}.Debug|Any CPU.Build.0 = Debug|Any CPU
		{3876C338-AB98-463E-92C4-45494A7C13CB}.Release|Any CPU.ActiveCfg = Release|Any CPU
		{3876C338-AB98-463E-92C4-45494A7C13CB}.Release|Any CPU.Build.0 = Release|Any CPU
		{0B13BFE6-AED5-49DC-85B6-B8EA460048A0}.Debug|Any CPU.ActiveCfg = Debug|Any CPU
		{0B13BFE6-AED5-49DC-85B6-B8EA460048A0}.Debug|Any CPU.Build.0 = Debug|Any CPU
		{0B13BFE6-AED5-49DC-85B6-B8EA460048A0}.Release|Any CPU.ActiveCfg = Release|Any CPU
		{0B13BFE6-AED5-49DC-85B6-B8EA460048A0}.Release|Any CPU.Build.0 = Release|Any CPU
		{89C16482-39D4-4861-928D-D59A7DB808E9}.Debug|Any CPU.ActiveCfg = Debug|Any CPU
		{89C16482-39D4-4861-928D-D59A7DB808E9}.Debug|Any CPU.Build.0 = Debug|Any CPU
		{89C16482-39D4-4861-928D-D59A7DB808E9}.Release|Any CPU.ActiveCfg = Release|Any CPU
		{89C16482-39D4-4861-928D-D59A7DB808E9}.Release|Any CPU.Build.0 = Release|Any CPU
		{BC407B28-8305-43A9-B2E4-7EFC912AD51E}.Debug|Any CPU.ActiveCfg = Debug|Any CPU
		{BC407B28-8305-43A9-B2E4-7EFC912AD51E}.Debug|Any CPU.Build.0 = Debug|Any CPU
		{BC407B28-8305-43A9-B2E4-7EFC912AD51E}.Release|Any CPU.ActiveCfg = Release|Any CPU
		{BC407B28-8305-43A9-B2E4-7EFC912AD51E}.Release|Any CPU.Build.0 = Release|Any CPU
		{E1D35D32-BA2F-4E18-8A75-DCA6E6677EEE}.Debug|Any CPU.ActiveCfg = Debug|Any CPU
		{E1D35D32-BA2F-4E18-8A75-DCA6E6677EEE}.Debug|Any CPU.Build.0 = Debug|Any CPU
		{E1D35D32-BA2F-4E18-8A75-DCA6E6677EEE}.Release|Any CPU.ActiveCfg = Release|Any CPU
		{E1D35D32-BA2F-4E18-8A75-DCA6E6677EEE}.Release|Any CPU.Build.0 = Release|Any CPU
		{A8315B83-C3A3-4296-907D-17A79F7B29ED}.Debug|Any CPU.ActiveCfg = Debug|Any CPU
		{A8315B83-C3A3-4296-907D-17A79F7B29ED}.Debug|Any CPU.Build.0 = Debug|Any CPU
		{A8315B83-C3A3-4296-907D-17A79F7B29ED}.Release|Any CPU.ActiveCfg = Release|Any CPU
		{A8315B83-C3A3-4296-907D-17A79F7B29ED}.Release|Any CPU.Build.0 = Release|Any CPU
		{D5A31E6D-EC7D-429B-8F98-943176C05ACF}.Debug|Any CPU.ActiveCfg = Debug|Any CPU
		{D5A31E6D-EC7D-429B-8F98-943176C05ACF}.Debug|Any CPU.Build.0 = Debug|Any CPU
		{D5A31E6D-EC7D-429B-8F98-943176C05ACF}.Release|Any CPU.ActiveCfg = Release|Any CPU
		{D5A31E6D-EC7D-429B-8F98-943176C05ACF}.Release|Any CPU.Build.0 = Release|Any CPU
	EndGlobalSection
	GlobalSection(SolutionProperties) = preSolution
		HideSolutionNode = FALSE
	EndGlobalSection
EndGlobal
